// !$*UTF8*$!
{
	archiveVersion = 1;
	classes = {
	};
	objectVersion = 46;
	objects = {

/* Begin PBXBuildFile section */
		189614CD1E1DDFF70066A3B7 /* main.m in Sources */ = {isa = PBXBuildFile; fileRef = 189614CC1E1DDFF70066A3B7 /* main.m */; };
		189614D01E1DDFF70066A3B7 /* AppDelegate.m in Sources */ = {isa = PBXBuildFile; fileRef = 189614CF1E1DDFF70066A3B7 /* AppDelegate.m */; };
		189614D61E1DDFF70066A3B7 /* Main.storyboard in Resources */ = {isa = PBXBuildFile; fileRef = 189614D41E1DDFF70066A3B7 /* Main.storyboard */; };
		189614D81E1DDFF70066A3B7 /* Assets.xcassets in Resources */ = {isa = PBXBuildFile; fileRef = 189614D71E1DDFF70066A3B7 /* Assets.xcassets */; };
		189614DB1E1DDFF70066A3B7 /* LaunchScreen.storyboard in Resources */ = {isa = PBXBuildFile; fileRef = 189614D91E1DDFF70066A3B7 /* LaunchScreen.storyboard */; };
		18A965C91E30E31800A99CBA /* ViewController.m in Sources */ = {isa = PBXBuildFile; fileRef = 18A965C81E30E31800A99CBA /* ViewController.m */; };
		CCAF6186D1D90C9298CF5F2F /* libPods-ZJYCeShiMainProject.a in Frameworks */ = {isa = PBXBuildFile; fileRef = D030BD13427C0B8C25FEBCC6 /* libPods-ZJYCeShiMainProject.a */; };
/* End PBXBuildFile section */

/* Begin PBXFileReference section */
		189614C81E1DDFF70066A3B7 /* ZJYCeShiMainProject.app */ = {isa = PBXFileReference; explicitFileType = wrapper.application; includeInIndex = 0; path = ZJYCeShiMainProject.app; sourceTree = BUILT_PRODUCTS_DIR; };
		189614CC1E1DDFF70066A3B7 /* main.m */ = {isa = PBXFileReference; lastKnownFileType = sourcecode.c.objc; path = main.m; sourceTree = "<group>"; };
		189614CE1E1DDFF70066A3B7 /* AppDelegate.h */ = {isa = PBXFileReference; lastKnownFileType = sourcecode.c.h; path = AppDelegate.h; sourceTree = "<group>"; };
		189614CF1E1DDFF70066A3B7 /* AppDelegate.m */ = {isa = PBXFileReference; lastKnownFileType = sourcecode.c.objc; path = AppDelegate.m; sourceTree = "<group>"; };
		189614D51E1DDFF70066A3B7 /* Base */ = {isa = PBXFileReference; lastKnownFileType = file.storyboard; name = Base; path = Base.lproj/Main.storyboard; sourceTree = "<group>"; };
		189614D71E1DDFF70066A3B7 /* Assets.xcassets */ = {isa = PBXFileReference; lastKnownFileType = folder.assetcatalog; path = Assets.xcassets; sourceTree = "<group>"; };
		189614DA1E1DDFF70066A3B7 /* Base */ = {isa = PBXFileReference; lastKnownFileType = file.storyboard; name = Base; path = Base.lproj/LaunchScreen.storyboard; sourceTree = "<group>"; };
		189614DC1E1DDFF70066A3B7 /* Info.plist */ = {isa = PBXFileReference; lastKnownFileType = text.plist.xml; path = Info.plist; sourceTree = "<group>"; };
		18A965C71E30E31800A99CBA /* ViewController.h */ = {isa = PBXFileReference; fileEncoding = 4; lastKnownFileType = sourcecode.c.h; path = ViewController.h; sourceTree = "<group>"; };
		18A965C81E30E31800A99CBA /* ViewController.m */ = {isa = PBXFileReference; fileEncoding = 4; lastKnownFileType = sourcecode.c.objc; path = ViewController.m; sourceTree = "<group>"; };
		7F8EB7042EE55C35A120745F /* Pods-ZJYCeShiMainProject.release.xcconfig */ = {isa = PBXFileReference; includeInIndex = 1; lastKnownFileType = text.xcconfig; name = "Pods-ZJYCeShiMainProject.release.xcconfig"; path = "Pods/Target Support Files/Pods-ZJYCeShiMainProject/Pods-ZJYCeShiMainProject.release.xcconfig"; sourceTree = "<group>"; };
		CD00426326A29994A3D2D2E3 /* Pods-ZJYCeShiMainProject.debug.xcconfig */ = {isa = PBXFileReference; includeInIndex = 1; lastKnownFileType = text.xcconfig; name = "Pods-ZJYCeShiMainProject.debug.xcconfig"; path = "Pods/Target Support Files/Pods-ZJYCeShiMainProject/Pods-ZJYCeShiMainProject.debug.xcconfig"; sourceTree = "<group>"; };
		D030BD13427C0B8C25FEBCC6 /* libPods-ZJYCeShiMainProject.a */ = {isa = PBXFileReference; explicitFileType = archive.ar; includeInIndex = 0; path = "libPods-ZJYCeShiMainProject.a"; sourceTree = BUILT_PRODUCTS_DIR; };
/* End PBXFileReference section */

/* Begin PBXFrameworksBuildPhase section */
		189614C51E1DDFF70066A3B7 /* Frameworks */ = {
			isa = PBXFrameworksBuildPhase;
			buildActionMask = 2147483647;
			files = (
				CCAF6186D1D90C9298CF5F2F /* libPods-ZJYCeShiMainProject.a in Frameworks */,
			);
			runOnlyForDeploymentPostprocessing = 0;
		};
/* End PBXFrameworksBuildPhase section */

/* Begin PBXGroup section */
		189614BF1E1DDFF70066A3B7 = {
			isa = PBXGroup;
			children = (
				189614CA1E1DDFF70066A3B7 /* ZJYCeShiMainProject */,
				189614C91E1DDFF70066A3B7 /* Products */,
				59F115F3B8D257BC4121AB52 /* Pods */,
				303A9907B9EFC9776AFE5793 /* Frameworks */,
			);
			sourceTree = "<group>";
		};
		189614C91E1DDFF70066A3B7 /* Products */ = {
			isa = PBXGroup;
			children = (
				189614C81E1DDFF70066A3B7 /* ZJYCeShiMainProject.app */,
			);
			name = Products;
			sourceTree = "<group>";
		};
		189614CA1E1DDFF70066A3B7 /* ZJYCeShiMainProject */ = {
			isa = PBXGroup;
			children = (
				189614CE1E1DDFF70066A3B7 /* AppDelegate.h */,
				189614CF1E1DDFF70066A3B7 /* AppDelegate.m */,
				18A965C61E30E31800A99CBA /* ZJYCeShiMainProject */,
				189614D41E1DDFF70066A3B7 /* Main.storyboard */,
				189614D71E1DDFF70066A3B7 /* Assets.xcassets */,
				189614D91E1DDFF70066A3B7 /* LaunchScreen.storyboard */,
				189614DC1E1DDFF70066A3B7 /* Info.plist */,
				189614CB1E1DDFF70066A3B7 /* Supporting Files */,
			);
			path = ZJYCeShiMainProject;
			sourceTree = "<group>";
		};
		189614CB1E1DDFF70066A3B7 /* Supporting Files */ = {
			isa = PBXGroup;
			children = (
				189614CC1E1DDFF70066A3B7 /* main.m */,
			);
			name = "Supporting Files";
			sourceTree = "<group>";
		};
		18A965C61E30E31800A99CBA /* ZJYCeShiMainProject */ = {
			isa = PBXGroup;
			children = (
				18A965C71E30E31800A99CBA /* ViewController.h */,
				18A965C81E30E31800A99CBA /* ViewController.m */,
			);
			path = ZJYCeShiMainProject;
			sourceTree = "<group>";
		};
		303A9907B9EFC9776AFE5793 /* Frameworks */ = {
			isa = PBXGroup;
			children = (
				D030BD13427C0B8C25FEBCC6 /* libPods-ZJYCeShiMainProject.a */,
			);
			name = Frameworks;
			sourceTree = "<group>";
		};
		59F115F3B8D257BC4121AB52 /* Pods */ = {
			isa = PBXGroup;
			children = (
				CD00426326A29994A3D2D2E3 /* Pods-ZJYCeShiMainProject.debug.xcconfig */,
				7F8EB7042EE55C35A120745F /* Pods-ZJYCeShiMainProject.release.xcconfig */,
			);
			name = Pods;
			sourceTree = "<group>";
		};
/* End PBXGroup section */

/* Begin PBXNativeTarget section */
		189614C71E1DDFF70066A3B7 /* ZJYCeShiMainProject */ = {
			isa = PBXNativeTarget;
			buildConfigurationList = 189614DF1E1DDFF70066A3B7 /* Build configuration list for PBXNativeTarget "ZJYCeShiMainProject" */;
			buildPhases = (
				D397FD3B6C1BA836B40AA198 /* [CP] Check Pods Manifest.lock */,
				189614C41E1DDFF70066A3B7 /* Sources */,
				189614C51E1DDFF70066A3B7 /* Frameworks */,
				189614C61E1DDFF70066A3B7 /* Resources */,
				BC4E6B6AA189963A9F1721BA /* [CP] Embed Pods Frameworks */,
				5E2352CE2D9FF38999EB881A /* [CP] Copy Pods Resources */,
			);
			buildRules = (
			);
			dependencies = (
			);
			name = ZJYCeShiMainProject;
			productName = ZJYCeShiMainProject;
			productReference = 189614C81E1DDFF70066A3B7 /* ZJYCeShiMainProject.app */;
			productType = "com.apple.product-type.application";
		};
/* End PBXNativeTarget section */

/* Begin PBXProject section */
		189614C01E1DDFF70066A3B7 /* Project object */ = {
			isa = PBXProject;
			attributes = {
				LastUpgradeCheck = 0820;
				ORGANIZATIONNAME = JunFly;
				TargetAttributes = {
					189614C71E1DDFF70066A3B7 = {
						CreatedOnToolsVersion = 8.2;
						ProvisioningStyle = Automatic;
					};
				};
			};
			buildConfigurationList = 189614C31E1DDFF70066A3B7 /* Build configuration list for PBXProject "ZJYCeShiMainProject" */;
			compatibilityVersion = "Xcode 3.2";
			developmentRegion = English;
			hasScannedForEncodings = 0;
			knownRegions = (
				en,
				Base,
			);
			mainGroup = 189614BF1E1DDFF70066A3B7;
			productRefGroup = 189614C91E1DDFF70066A3B7 /* Products */;
			projectDirPath = "";
			projectRoot = "";
			targets = (
				189614C71E1DDFF70066A3B7 /* ZJYCeShiMainProject */,
			);
		};
/* End PBXProject section */

/* Begin PBXResourcesBuildPhase section */
		189614C61E1DDFF70066A3B7 /* Resources */ = {
			isa = PBXResourcesBuildPhase;
			buildActionMask = 2147483647;
			files = (
				189614DB1E1DDFF70066A3B7 /* LaunchScreen.storyboard in Resources */,
				189614D81E1DDFF70066A3B7 /* Assets.xcassets in Resources */,
				189614D61E1DDFF70066A3B7 /* Main.storyboard in Resources */,
			);
			runOnlyForDeploymentPostprocessing = 0;
		};
/* End PBXResourcesBuildPhase section */

/* Begin PBXShellScriptBuildPhase section */
		5E2352CE2D9FF38999EB881A /* [CP] Copy Pods Resources */ = {
			isa = PBXShellScriptBuildPhase;
			buildActionMask = 2147483647;
			files = (
			);
			inputPaths = (
			);
			name = "[CP] Copy Pods Resources";
			outputPaths = (
			);
			runOnlyForDeploymentPostprocessing = 0;
			shellPath = /bin/sh;
			shellScript = "\"${SRCROOT}/Pods/Target Support Files/Pods-ZJYCeShiMainProject/Pods-ZJYCeShiMainProject-resources.sh\"\n";
			showEnvVarsInLog = 0;
		};
		BC4E6B6AA189963A9F1721BA /* [CP] Embed Pods Frameworks */ = {
			isa = PBXShellScriptBuildPhase;
			buildActionMask = 2147483647;
			files = (
			);
			inputPaths = (
			);
			name = "[CP] Embed Pods Frameworks";
			outputPaths = (
			);
			runOnlyForDeploymentPostprocessing = 0;
			shellPath = /bin/sh;
			shellScript = "\"${SRCROOT}/Pods/Target Support Files/Pods-ZJYCeShiMainProject/Pods-ZJYCeShiMainProject-frameworks.sh\"\n";
			showEnvVarsInLog = 0;
		};
		D397FD3B6C1BA836B40AA198 /* [CP] Check Pods Manifest.lock */ = {
			isa = PBXShellScriptBuildPhase;
			buildActionMask = 2147483647;
			files = (
			);
			inputPaths = (
			);
			name = "[CP] Check Pods Manifest.lock";
			outputPaths = (
			);
			runOnlyForDeploymentPostprocessing = 0;
			shellPath = /bin/sh;
			shellScript = "diff \"${PODS_ROOT}/../Podfile.lock\" \"${PODS_ROOT}/Manifest.lock\" > /dev/null\nif [ $? != 0 ] ; then\n    # print error to STDERR\n    echo \"error: The sandbox is not in sync with the Podfile.lock. Run 'pod install' or update your CocoaPods installation.\" >&2\n    exit 1\nfi\n";
			showEnvVarsInLog = 0;
		};
/* End PBXShellScriptBuildPhase section */

/* Begin PBXSourcesBuildPhase section */
		189614C41E1DDFF70066A3B7 /* Sources */ = {
			isa = PBXSourcesBuildPhase;
			buildActionMask = 2147483647;
			files = (
				18A965C91E30E31800A99CBA /* ViewController.m in Sources */,
				189614D01E1DDFF70066A3B7 /* AppDelegate.m in Sources */,
				189614CD1E1DDFF70066A3B7 /* main.m in Sources */,
			);
			runOnlyForDeploymentPostprocessing = 0;
		};
/* End PBXSourcesBuildPhase section */

/* Begin PBXVariantGroup section */
		189614D41E1DDFF70066A3B7 /* Main.storyboard */ = {
			isa = PBXVariantGroup;
			children = (
				189614D51E1DDFF70066A3B7 /* Base */,
			);
			name = Main.storyboard;
			sourceTree = "<group>";
		};
		189614D91E1DDFF70066A3B7 /* LaunchScreen.storyboard */ = {
			isa = PBXVariantGroup;
			children = (
				189614DA1E1DDFF70066A3B7 /* Base */,
			);
			name = LaunchScreen.storyboard;
			sourceTree = "<group>";
		};
/* End PBXVariantGroup section */

/* Begin XCBuildConfiguration section */
		189614DD1E1DDFF70066A3B7 /* Debug */ = {
			isa = XCBuildConfiguration;
			buildSettings = {
				ALWAYS_SEARCH_USER_PATHS = NO;
				CLANG_ANALYZER_NONNULL = YES;
				CLANG_CXX_LANGUAGE_STANDARD = "gnu++0x";
				CLANG_CXX_LIBRARY = "libc++";
				CLANG_ENABLE_MODULES = YES;
				CLANG_ENABLE_OBJC_ARC = YES;
				CLANG_WARN_BOOL_CONVERSION = YES;
				CLANG_WARN_CONSTANT_CONVERSION = YES;
				CLANG_WARN_DIRECT_OBJC_ISA_USAGE = YES_ERROR;
				CLANG_WARN_DOCUMENTATION_COMMENTS = YES;
				CLANG_WARN_EMPTY_BODY = YES;
				CLANG_WARN_ENUM_CONVERSION = YES;
				CLANG_WARN_INFINITE_RECURSION = YES;
				CLANG_WARN_INT_CONVERSION = YES;
				CLANG_WARN_OBJC_ROOT_CLASS = YES_ERROR;
				CLANG_WARN_SUSPICIOUS_MOVE = YES;
				CLANG_WARN_UNREACHABLE_CODE = YES;
				CLANG_WARN__DUPLICATE_METHOD_MATCH = YES;
				"CODE_SIGN_IDENTITY[sdk=iphoneos*]" = "iPhone Developer";
				COPY_PHASE_STRIP = NO;
				DEBUG_INFORMATION_FORMAT = dwarf;
				ENABLE_STRICT_OBJC_MSGSEND = YES;
				ENABLE_TESTABILITY = YES;
				GCC_C_LANGUAGE_STANDARD = gnu99;
				GCC_DYNAMIC_NO_PIC = NO;
				GCC_NO_COMMON_BLOCKS = YES;
				GCC_OPTIMIZATION_LEVEL = 0;
				GCC_PREPROCESSOR_DEFINITIONS = (
					"DEBUG=1",
					"$(inherited)",
				);
				GCC_WARN_64_TO_32_BIT_CONVERSION = YES;
				GCC_WARN_ABOUT_RETURN_TYPE = YES_ERROR;
				GCC_WARN_UNDECLARED_SELECTOR = YES;
				GCC_WARN_UNINITIALIZED_AUTOS = YES_AGGRESSIVE;
				GCC_WARN_UNUSED_FUNCTION = YES;
				GCC_WARN_UNUSED_VARIABLE = YES;
				IPHONEOS_DEPLOYMENT_TARGET = 10.2;
				MTL_ENABLE_DEBUG_INFO = YES;
				ONLY_ACTIVE_ARCH = YES;
				SDKROOT = iphoneos;
			};
			name = Debug;
		};
		189614DE1E1DDFF70066A3B7 /* Release */ = {
			isa = XCBuildConfiguration;
			buildSettings = {
				ALWAYS_SEARCH_USER_PATHS = NO;
				CLANG_ANALYZER_NONNULL = YES;
				CLANG_CXX_LANGUAGE_STANDARD = "gnu++0x";
				CLANG_CXX_LIBRARY = "libc++";
				CLANG_ENABLE_MODULES = YES;
				CLANG_ENABLE_OBJC_ARC = YES;
				CLANG_WARN_BOOL_CONVERSION = YES;
				CLANG_WARN_CONSTANT_CONVERSION = YES;
				CLANG_WARN_DIRECT_OBJC_ISA_USAGE = YES_ERROR;
				CLANG_WARN_DOCUMENTATION_COMMENTS = YES;
				CLANG_WARN_EMPTY_BODY = YES;
				CLANG_WARN_ENUM_CONVERSION = YES;
				CLANG_WARN_INFINITE_RECURSION = YES;
				CLANG_WARN_INT_CONVERSION = YES;
				CLANG_WARN_OBJC_ROOT_CLASS = YES_ERROR;
				CLANG_WARN_SUSPICIOUS_MOVE = YES;
				CLANG_WARN_UNREACHABLE_CODE = YES;
				CLANG_WARN__DUPLICATE_METHOD_MATCH = YES;
				"CODE_SIGN_IDENTITY[sdk=iphoneos*]" = "iPhone Developer";
				COPY_PHASE_STRIP = NO;
				DEBUG_INFORMATION_FORMAT = "dwarf-with-dsym";
				ENABLE_NS_ASSERTIONS = NO;
				ENABLE_STRICT_OBJC_MSGSEND = YES;
				GCC_C_LANGUAGE_STANDARD = gnu99;
				GCC_NO_COMMON_BLOCKS = YES;
				GCC_WARN_64_TO_32_BIT_CONVERSION = YES;
				GCC_WARN_ABOUT_RETURN_TYPE = YES_ERROR;
				GCC_WARN_UNDECLARED_SELECTOR = YES;
				GCC_WARN_UNINITIALIZED_AUTOS = YES_AGGRESSIVE;
				GCC_WARN_UNUSED_FUNCTION = YES;
				GCC_WARN_UNUSED_VARIABLE = YES;
				IPHONEOS_DEPLOYMENT_TARGET = 10.2;
				MTL_ENABLE_DEBUG_INFO = NO;
				SDKROOT = iphoneos;
				VALIDATE_PRODUCT = YES;
			};
			name = Release;
		};
		189614E01E1DDFF70066A3B7 /* Debug */ = {
			isa = XCBuildConfiguration;
			baseConfigurationReference = CD00426326A29994A3D2D2E3 /* Pods-ZJYCeShiMainProject.debug.xcconfig */;
			buildSettings = {
				ASSETCATALOG_COMPILER_APPICON_NAME = AppIcon;
				INFOPLIST_FILE = ZJYCeShiMainProject/Info.plist;
				LD_RUNPATH_SEARCH_PATHS = "$(inherited) @executable_path/Frameworks";
				PRODUCT_BUNDLE_IDENTIFIER = com.ZhuJiaYi.ZJYCeShiMainProject;
				PRODUCT_NAME = "$(TARGET_NAME)";
			};
			name = Debug;
		};
		189614E11E1DDFF70066A3B7 /* Release */ = {
			isa = XCBuildConfiguration;
			baseConfigurationReference = 7F8EB7042EE55C35A120745F /* Pods-ZJYCeShiMainProject.release.xcconfig */;
			buildSettings = {
				ASSETCATALOG_COMPILER_APPICON_NAME = AppIcon;
				INFOPLIST_FILE = ZJYCeShiMainProject/Info.plist;
				LD_RUNPATH_SEARCH_PATHS = "$(inherited) @executable_path/Frameworks";
				PRODUCT_BUNDLE_IDENTIFIER = com.ZhuJiaYi.ZJYCeShiMainProject;
				PRODUCT_NAME = "$(TARGET_NAME)";
			};
			name = Release;
		};
/* End XCBuildConfiguration section */

/* Begin XCConfigurationList section */
		189614C31E1DDFF70066A3B7 /* Build configuration list for PBXProject "ZJYCeShiMainProject" */ = {
			isa = XCConfigurationList;
			buildConfigurations = (
				189614DD1E1DDFF70066A3B7 /* Debug */,
				189614DE1E1DDFF70066A3B7 /* Release */,
			);
			defaultConfigurationIsVisible = 0;
			defaultConfigurationName = Release;
		};
		189614DF1E1DDFF70066A3B7 /* Build configuration list for PBXNativeTarget "ZJYCeShiMainProject" */ = {
			isa = XCConfigurationList;
			buildConfigurations = (
				189614E01E1DDFF70066A3B7 /* Debug */,
				189614E11E1DDFF70066A3B7 /* Release */,
			);
			defaultConfigurationIsVisible = 0;
			defaultConfigurationName = Release;
		};
/* End XCConfigurationList section */
	};
	rootObject = 189614C01E1DDFF70066A3B7 /* Project object */;
}
